
Microsoft Visual Studio Solution File, Format Version 11.00
# Visual Studio 2010
Project("{FAE04EC0-301F-11D3-BF4B-00C04F79EFBC}") = "Assembly-CSharp", "Assembly-CSharp.csproj", "{220B8E12-C8F1-679C-ED3B-71456CE608DF}"
EndProject
Project("{FAE04EC0-301F-11D3-BF4B-00C04F79EFBC}") = "Assembly-CSharp-firstpass", "Assembly-CSharp-firstpass.csproj", "{061ACC2C-69AC-B0C6-394A-429F4359FBC7}"
EndProject
Project("{FAE04EC0-301F-11D3-BF4B-00C04F79EFBC}") = "Assembly-CSharp-Editor-firstpass", "Assembly-CSharp-Editor-firstpass.csproj", "{0F3AE4E9-A495-302E-5428-31C3B64A1728}"
EndProject
Project("{FAE04EC0-301F-11D3-BF4B-00C04F79EFBC}") = "Assembly-CSharp-Editor", "Assembly-CSharp-Editor.csproj", "{D50AE60C-8429-C8BC-6258-F4BA856E3707}"
EndProject
Global
	GlobalSection(SolutionConfigurationPlatforms) = preSolution
		Debug|Any CPU = Debug|Any CPU
		Release|Any CPU = Release|Any CPU
	EndGlobalSection
	GlobalSection(ProjectConfigurationPlatforms) = postSolution
		{220B8E12-C8F1-679C-ED3B-71456CE608DF}.Debug|Any CPU.ActiveCfg = Debug|Any CPU
		{220B8E12-C8F1-679C-ED3B-71456CE608DF}.Debug|Any CPU.Build.0 = Debug|Any CPU
		{220B8E12-C8F1-679C-ED3B-71456CE608DF}.Release|Any CPU.ActiveCfg = Release|Any CPU
		{220B8E12-C8F1-679C-ED3B-71456CE608DF}.Release|Any CPU.Build.0 = Release|Any CPU
		{061ACC2C-69AC-B0C6-394A-429F4359FBC7}.Debug|Any CPU.ActiveCfg = Debug|Any CPU
		{061ACC2C-69AC-B0C6-394A-429F4359FBC7}.Debug|Any CPU.Build.0 = Debug|Any CPU
		{061ACC2C-69AC-B0C6-394A-429F4359FBC7}.Release|Any CPU.ActiveCfg = Release|Any CPU
		{061ACC2C-69AC-B0C6-394A-429F4359FBC7}.Release|Any CPU.Build.0 = Release|Any CPU
		{0F3AE4E9-A495-302E-5428-31C3B64A1728}.Debug|Any CPU.ActiveCfg = Debug|Any CPU
		{0F3AE4E9-A495-302E-5428-31C3B64A1728}.Debug|Any CPU.Build.0 = Debug|Any CPU
		{0F3AE4E9-A495-302E-5428-31C3B64A1728}.Release|Any CPU.ActiveCfg = Release|Any CPU
		{0F3AE4E9-A495-302E-5428-31C3B64A1728}.Release|Any CPU.Build.0 = Release|Any CPU
		{D50AE60C-8429-C8BC-6258-F4BA856E3707}.Debug|Any CPU.ActiveCfg = Debug|Any CPU
		{D50AE60C-8429-C8BC-6258-F4BA856E3707}.Debug|Any CPU.Build.0 = Debug|Any CPU
		{D50AE60C-8429-C8BC-6258-F4BA856E3707}.Release|Any CPU.ActiveCfg = Release|Any CPU
		{D50AE60C-8429-C8BC-6258-F4BA856E3707}.Release|Any CPU.Build.0 = Release|Any CPU
	EndGlobalSection
	GlobalSection(SolutionProperties) = preSolution
		HideSolutionNode = FALSE
	EndGlobalSection
	GlobalSection(MonoDevelopProperties) = preSolution
		StartupItem = Assembly-CSharp.csproj
	EndGlobalSection
EndGlobal
